
Microsoft Visual Studio Solution File, Format Version 12.00
# Visual Studio Version 16
VisualStudioVersion = 16.0.30621.155
MinimumVisualStudioVersion = 10.0.40219.1
Project("{FAE04EC0-301F-11D3-BF4B-00C04F79EFBC}") = "EDP_Clinic", "EDP_Clinic\EDP_Clinic.csproj", "{C52B98C5-6290-4BE9-BA63-17CD239CB84E}"
EndProject
Global
	GlobalSection(SolutionConfigurationPlatforms) = preSolution
		Debug|Any CPU = Debug|Any CPU
		Release|Any CPU = Release|Any CPU
	EndGlobalSection
	GlobalSection(ProjectConfigurationPlatforms) = postSolution
		{C52B98C5-6290-4BE9-BA63-17CD239CB84E}.Debug|Any CPU.ActiveCfg = Debug|Any CPU
		{C52B98C5-6290-4BE9-BA63-17CD239CB84E}.Debug|Any CPU.Build.0 = Debug|Any CPU
		{C52B98C5-6290-4BE9-BA63-17CD239CB84E}.Release|Any CPU.ActiveCfg = Release|Any CPU
		{C52B98C5-6290-4BE9-BA63-17CD239CB84E}.Release|Any CPU.Build.0 = Release|Any CPU
	EndGlobalSection
	GlobalSection(SolutionProperties) = preSolution
		HideSolutionNode = FALSE
	EndGlobalSection
	GlobalSection(ExtensibilityGlobals) = postSolution
		SolutionGuid = {E9C07101-AD24-4044-8C46-514EF6A12C1D}
	EndGlobalSection
EndGlobal
